Microsoft Visual Studio Solution File, Format Version 12.00
# Visual Studio 2012
Project("{FAE04EC0-301F-11D3-BF4B-00C04F79EFBC}") = "Purebred", "Purebred.csproj", "{302B0133-3715-4D96-9CFE-8F8D22C6932A}"
EndProject
Global
	GlobalSection(SolutionConfigurationPlatforms) = preSolution
	Debug|Any CPU = Debug|Any CPU
	ExportDebug|Any CPU = ExportDebug|Any CPU
	ExportRelease|Any CPU = ExportRelease|Any CPU
	EndGlobalSection
	GlobalSection(ProjectConfigurationPlatforms) = postSolution
		{302B0133-3715-4D96-9CFE-8F8D22C6932A}.Debug|Any CPU.ActiveCfg = Debug|Any CPU
		{302B0133-3715-4D96-9CFE-8F8D22C6932A}.Debug|Any CPU.Build.0 = Debug|Any CPU
		{302B0133-3715-4D96-9CFE-8F8D22C6932A}.ExportDebug|Any CPU.ActiveCfg = ExportDebug|Any CPU
		{302B0133-3715-4D96-9CFE-8F8D22C6932A}.ExportDebug|Any CPU.Build.0 = ExportDebug|Any CPU
		{302B0133-3715-4D96-9CFE-8F8D22C6932A}.ExportRelease|Any CPU.ActiveCfg = ExportRelease|Any CPU
		{302B0133-3715-4D96-9CFE-8F8D22C6932A}.ExportRelease|Any CPU.Build.0 = ExportRelease|Any CPU
	EndGlobalSection
EndGlobal
